// !$*UTF8*$!
{
	archiveVersion = 1;
	classes = {
	};
	objectVersion = 48;
	objects = {

/* Begin PBXBuildFile section */
		FA74F6A71FB8BCE4008DE52B /* main.cpp in Sources */ = {isa = PBXBuildFile; fileRef = FA74F6A61FB8BCE4008DE52B /* main.cpp */; };
		FA74F6AF1FB8BDC8008DE52B /* OpenGL.framework in Frameworks */ = {isa = PBXBuildFile; fileRef = FA74F6AE1FB8BDBE008DE52B /* OpenGL.framework */; };
/* End PBXBuildFile section */

/* Begin PBXCopyFilesBuildPhase section */
		FA74F6A11FB8BCE4008DE52B /* CopyFiles */ = {
			isa = PBXCopyFilesBuildPhase;
			buildActionMask = 2147483647;
			dstPath = /usr/share/man/man1/;
			dstSubfolderSpec = 0;
			files = (
			);
			runOnlyForDeploymentPostprocessing = 1;
		};
/* End PBXCopyFilesBuildPhase section */

/* Begin PBXFileReference section */
		FA74F6A31FB8BCE4008DE52B /* opengl_start */ = {isa = PBXFileReference; explicitFileType = "compiled.mach-o.executable"; includeInIndex = 0; path = opengl_start; sourceTree = BUILT_PRODUCTS_DIR; };
		FA74F6A61FB8BCE4008DE52B /* main.cpp */ = {isa = PBXFileReference; lastKnownFileType = sourcecode.cpp.cpp; path = main.cpp; sourceTree = "<group>"; };
		FA74F6AE1FB8BDBE008DE52B /* OpenGL.framework */ = {isa = PBXFileReference; lastKnownFileType = wrapper.framework; name = OpenGL.framework; path = System/Library/Frameworks/OpenGL.framework; sourceTree = SDKROOT; };
/* End PBXFileReference section */

/* Begin PBXFrameworksBuildPhase section */
		FA74F6A01FB8BCE4008DE52B /* Frameworks */ = {
			isa = PBXFrameworksBuildPhase;
			buildActionMask = 2147483647;
			files = (
				FA74F6AF1FB8BDC8008DE52B /* OpenGL.framework in Frameworks */,
			);
			runOnlyForDeploymentPostprocessing = 0;
		};
/* End PBXFrameworksBuildPhase section */

/* Begin PBXGroup section */
		FA74F69A1FB8BCE4008DE52B = {
			isa = PBXGroup;
			children = (
				FA74F6A51FB8BCE4008DE52B /* opengl_start */,
				FA74F6A41FB8BCE4008DE52B /* Products */,
				FA74F6AD1FB8BDBD008DE52B /* Frameworks */,
			);
			sourceTree = "<group>";
		};
		FA74F6A41FB8BCE4008DE52B /* Products */ = {
			isa = PBXGroup;
			children = (
				FA74F6A31FB8BCE4008DE52B /* opengl_start */,
			);
			name = Products;
			sourceTree = "<group>";
		};
		FA74F6A51FB8BCE4008DE52B /* opengl_start */ = {
			isa = PBXGroup;
			children = (
				FA74F6A61FB8BCE4008DE52B /* main.cpp */,
			);
			path = opengl_start;
			sourceTree = "<group>";
		};
		FA74F6AD1FB8BDBD008DE52B /* Frameworks */ = {
			isa = PBXGroup;
			children = (
				FA74F6AE1FB8BDBE008DE52B /* OpenGL.framework */,
			);
			name = Frameworks;
			sourceTree = "<group>";
		};
/* End PBXGroup section */

/* Begin PBXNativeTarget section */
		FA74F6A21FB8BCE4008DE52B /* opengl_start */ = {
			isa = PBXNativeTarget;
			buildConfigurationList = FA74F6AA1FB8BCE4008DE52B /* Build configuration list for PBXNativeTarget "opengl_start" */;
			buildPhases = (
				FA74F69F1FB8BCE4008DE52B /* Sources */,
				FA74F6A01FB8BCE4008DE52B /* Frameworks */,
				FA74F6A11FB8BCE4008DE52B /* CopyFiles */,
			);
			buildRules = (
			);
			dependencies = (
			);
			name = opengl_start;
			productName = opengl_start;
			productReference = FA74F6A31FB8BCE4008DE52B /* opengl_start */;
			productType = "com.apple.product-type.tool";
		};
/* End PBXNativeTarget section */

/* Begin PBXProject section */
		FA74F69B1FB8BCE4008DE52B /* Project object */ = {
			isa = PBXProject;
			attributes = {
				LastUpgradeCheck = 0900;
				ORGANIZATIONNAME = "Roman Yarnykh";
				TargetAttributes = {
					FA74F6A21FB8BCE4008DE52B = {
						CreatedOnToolsVersion = 9.0.1;
						ProvisioningStyle = Automatic;
					};
				};
			};
			buildConfigurationList = FA74F69E1FB8BCE4008DE52B /* Build configuration list for PBXProject "opengl_start" */;
			compatibilityVersion = "Xcode 8.0";
			developmentRegion = en;
			hasScannedForEncodings = 0;
			knownRegions = (
				en,
			);
			mainGroup = FA74F69A1FB8BCE4008DE52B;
			productRefGroup = FA74F6A41FB8BCE4008DE52B /* Products */;
			projectDirPath = "";
			projectRoot = "";
			targets = (
				FA74F6A21FB8BCE4008DE52B /* opengl_start */,
			);
		};
/* End PBXProject section */

/* Begin PBXSourcesBuildPhase section */
		FA74F69F1FB8BCE4008DE52B /* Sources */ = {
			isa = PBXSourcesBuildPhase;
			buildActionMask = 2147483647;
			files = (
				FA74F6A71FB8BCE4008DE52B /* main.cpp in Sources */,
			);
			runOnlyForDeploymentPostprocessing = 0;
		};
/* End PBXSourcesBuildPhase section */

/* Begin XCBuildConfiguration section */
		FA74F6A81FB8BCE4008DE52B /* Debug */ = {
			isa = XCBuildConfiguration;
			buildSettings = {
				ALWAYS_SEARCH_USER_PATHS = NO;
				CLANG_ANALYZER_NONNULL = YES;
				CLANG_ANALYZER_NUMBER_OBJECT_CONVERSION = YES_AGGRESSIVE;
				CLANG_CXX_LANGUAGE_STANDARD = "gnu++14";
				CLANG_CXX_LIBRARY = "libc++";
				CLANG_ENABLE_MODULES = YES;
				CLANG_ENABLE_OBJC_ARC = YES;
				CLANG_WARN_BLOCK_CAPTURE_AUTORELEASING = YES;
				CLANG_WARN_BOOL_CONVERSION = YES;
				CLANG_WARN_COMMA = YES;
				CLANG_WARN_CONSTANT_CONVERSION = YES;
				CLANG_WARN_DIRECT_OBJC_ISA_USAGE = YES_ERROR;
				CLANG_WARN_DOCUMENTATION_COMMENTS = YES;
				CLANG_WARN_EMPTY_BODY = YES;
				CLANG_WARN_ENUM_CONVERSION = YES;
				CLANG_WARN_INFINITE_RECURSION = YES;
				CLANG_WARN_INT_CONVERSION = YES;
				CLANG_WARN_NON_LITERAL_NULL_CONVERSION = YES;
				CLANG_WARN_OBJC_LITERAL_CONVERSION = YES;
				CLANG_WARN_OBJC_ROOT_CLASS = YES_ERROR;
				CLANG_WARN_RANGE_LOOP_ANALYSIS = YES;
				CLANG_WARN_STRICT_PROTOTYPES = YES;
				CLANG_WARN_SUSPICIOUS_MOVE = YES;
				CLANG_WARN_UNGUARDED_AVAILABILITY = YES_AGGRESSIVE;
				CLANG_WARN_UNREACHABLE_CODE = YES;
				CLANG_WARN__DUPLICATE_METHOD_MATCH = YES;
				CODE_SIGN_IDENTITY = "-";
				COPY_PHASE_STRIP = NO;
				DEBUG_INFORMATION_FORMAT = dwarf;
				ENABLE_STRICT_OBJC_MSGSEND = YES;
				ENABLE_TESTABILITY = YES;
				GCC_C_LANGUAGE_STANDARD = gnu11;
				GCC_DYNAMIC_NO_PIC = NO;
				GCC_NO_COMMON_BLOCKS = YES;
				GCC_OPTIMIZATION_LEVEL = 0;
				GCC_PREPROCESSOR_DEFINITIONS = (
					"DEBUG=1",
					"$(inherited)",
				);
				GCC_WARN_64_TO_32_BIT_CONVERSION = YES;
				GCC_WARN_ABOUT_RETURN_TYPE = YES_ERROR;
				GCC_WARN_UNDECLARED_SELECTOR = YES;
				GCC_WARN_UNINITIALIZED_AUTOS = YES_AGGRESSIVE;
				GCC_WARN_UNUSED_FUNCTION = YES;
				GCC_WARN_UNUSED_VARIABLE = YES;
				MACOSX_DEPLOYMENT_TARGET = 10.12;
				MTL_ENABLE_DEBUG_INFO = YES;
				ONLY_ACTIVE_ARCH = YES;
				SDKROOT = macosx;
			};
			name = Debug;
		};
		FA74F6A91FB8BCE4008DE52B /* Release */ = {
			isa = XCBuildConfiguration;
			buildSettings = {
				ALWAYS_SEARCH_USER_PATHS = NO;
				CLANG_ANALYZER_NONNULL = YES;
				CLANG_ANALYZER_NUMBER_OBJECT_CONVERSION = YES_AGGRESSIVE;
				CLANG_CXX_LANGUAGE_STANDARD = "gnu++14";
				CLANG_CXX_LIBRARY = "libc++";
				CLANG_ENABLE_MODULES = YES;
				CLANG_ENABLE_OBJC_ARC = YES;
				CLANG_WARN_BLOCK_CAPTURE_AUTORELEASING = YES;
				CLANG_WARN_BOOL_CONVERSION = YES;
				CLANG_WARN_COMMA = YES;
				CLANG_WARN_CONSTANT_CONVERSION = YES;
				CLANG_WARN_DIRECT_OBJC_ISA_USAGE = YES_ERROR;
				CLANG_WARN_DOCUMENTATION_COMMENTS = YES;
				CLANG_WARN_EMPTY_BODY = YES;
				CLANG_WARN_ENUM_CONVERSION = YES;
				CLANG_WARN_INFINITE_RECURSION = YES;
				CLANG_WARN_INT_CONVERSION = YES;
				CLANG_WARN_NON_LITERAL_NULL_CONVERSION = YES;
				CLANG_WARN_OBJC_LITERAL_CONVERSION = YES;
				CLANG_WARN_OBJC_ROOT_CLASS = YES_ERROR;
				CLANG_WARN_RANGE_LOOP_ANALYSIS = YES;
				CLANG_WARN_STRICT_PROTOTYPES = YES;
				CLANG_WARN_SUSPICIOUS_MOVE = YES;
				CLANG_WARN_UNGUARDED_AVAILABILITY = YES_AGGRESSIVE;
				CLANG_WARN_UNREACHABLE_CODE = YES;
				CLANG_WARN__DUPLICATE_METHOD_MATCH = YES;
				CODE_SIGN_IDENTITY = "-";
				COPY_PHASE_STRIP = NO;
				DEBUG_INFORMATION_FORMAT = "dwarf-with-dsym";
				ENABLE_NS_ASSERTIONS = NO;
				ENABLE_STRICT_OBJC_MSGSEND = YES;
				GCC_C_LANGUAGE_STANDARD = gnu11;
				GCC_NO_COMMON_BLOCKS = YES;
				GCC_WARN_64_TO_32_BIT_CONVERSION = YES;
				GCC_WARN_ABOUT_RETURN_TYPE = YES_ERROR;
				GCC_WARN_UNDECLARED_SELECTOR = YES;
				GCC_WARN_UNINITIALIZED_AUTOS = YES_AGGRESSIVE;
				GCC_WARN_UNUSED_FUNCTION = YES;
				GCC_WARN_UNUSED_VARIABLE = YES;
				MACOSX_DEPLOYMENT_TARGET = 10.12;
				MTL_ENABLE_DEBUG_INFO = NO;
				SDKROOT = macosx;
			};
			name = Release;
		};
		FA74F6AB1FB8BCE4008DE52B /* Debug */ = {
			isa = XCBuildConfiguration;
			buildSettings = {
				CODE_SIGN_STYLE = Automatic;
				HEADER_SEARCH_PATHS = (
					/opt/X11/include,
					/usr/local/lib,
					/usr/local/Cellar/glew/2.1.0/include,
				);
				LIBRARY_SEARCH_PATHS = (
					/opt/X11/include,
					/usr/local/lib,
					/usr/local/Cellar/glew/2.1.0/lib,
				);
				OTHER_LDFLAGS = (
					"$(OTHER_CFLAGS)",
					"-I/usr/local/Cellar/freeglut/3.0.0/include",
					"-L/usr/local/Cellar/freeglut/3.0.0/lib",
					"-w",
					"-framework",
					OpenGL,
					"-lGLUT",
				);
				PRODUCT_NAME = "$(TARGET_NAME)";
			};
			name = Debug;
		};
		FA74F6AC1FB8BCE4008DE52B /* Release */ = {
			isa = XCBuildConfiguration;
			buildSettings = {
				CODE_SIGN_STYLE = Automatic;
				HEADER_SEARCH_PATHS = (
					/opt/X11/include,
					/usr/local/lib,
					/usr/local/Cellar/glew/2.1.0/include,
				);
				LIBRARY_SEARCH_PATHS = (
					/opt/X11/include,
					/usr/local/lib,
					/usr/local/Cellar/glew/2.1.0/lib,
				);
				OTHER_LDFLAGS = (
					"$(OTHER_CFLAGS)",
					"-I/usr/local/Cellar/freeglut/3.0.0/include",
					"-L/usr/local/Cellar/freeglut/3.0.0/lib",
					"-w",
					"-framework",
					OpenGL,
					"-lGLUT",
				);
				PRODUCT_NAME = "$(TARGET_NAME)";
			};
			name = Release;
		};
/* End XCBuildConfiguration section */

/* Begin XCConfigurationList section */
		FA74F69E1FB8BCE4008DE52B /* Build configuration list for PBXProject "opengl_start" */ = {
			isa = XCConfigurationList;
			buildConfigurations = (
				FA74F6A81FB8BCE4008DE52B /* Debug */,
				FA74F6A91FB8BCE4008DE52B /* Release */,
			);
			defaultConfigurationIsVisible = 0;
			defaultConfigurationName = Release;
		};
		FA74F6AA1FB8BCE4008DE52B /* Build configuration list for PBXNativeTarget "opengl_start" */ = {
			isa = XCConfigurationList;
			buildConfigurations = (
				FA74F6AB1FB8BCE4008DE52B /* Debug */,
				FA74F6AC1FB8BCE4008DE52B /* Release */,
			);
			defaultConfigurationIsVisible = 0;
			defaultConfigurationName = Release;
		};
/* End XCConfigurationList section */
	};
	rootObject = FA74F69B1FB8BCE4008DE52B /* Project object */;
}
